
Microsoft Visual Studio Solution File, Format Version 12.00
# Visual Studio Version 17
VisualStudioVersion = 17.6.33815.320
MinimumVisualStudioVersion = 10.0.40219.1
Project("{8BC9CEB8-8B4A-11D0-8D11-00A0C91BC942}") = "Laboratorul6", "Laboratorul6.vcxproj", "{7E72B244-9A02-424F-8D7F-9FCE45439DA7}"
EndProject
Global
	GlobalSection(SolutionConfigurationPlatforms) = preSolution
		Debug|x64 = Debug|x64
		Debug|x86 = Debug|x86
		Release|x64 = Release|x64
		Release|x86 = Release|x86
	EndGlobalSection
	GlobalSection(ProjectConfigurationPlatforms) = postSolution
		{7E72B244-9A02-424F-8D7F-9FCE45439DA7}.Debug|x64.ActiveCfg = Debug|x64
		{7E72B244-9A02-424F-8D7F-9FCE45439DA7}.Debug|x64.Build.0 = Debug|x64
		{7E72B244-9A02-424F-8D7F-9FCE45439DA7}.Debug|x86.ActiveCfg = Debug|Win32
		{7E72B244-9A02-424F-8D7F-9FCE45439DA7}.Debug|x86.Build.0 = Debug|Win32
		{7E72B244-9A02-424F-8D7F-9FCE45439DA7}.Release|x64.ActiveCfg = Release|x64
		{7E72B244-9A02-424F-8D7F-9FCE45439DA7}.Release|x64.Build.0 = Release|x64
		{7E72B244-9A02-424F-8D7F-9FCE45439DA7}.Release|x86.ActiveCfg = Release|Win32
		{7E72B244-9A02-424F-8D7F-9FCE45439DA7}.Release|x86.Build.0 = Release|Win32
	EndGlobalSection
	GlobalSection(SolutionProperties) = preSolution
		HideSolutionNode = FALSE
	EndGlobalSection
	GlobalSection(ExtensibilityGlobals) = postSolution
		SolutionGuid = {D1DA6C95-7B51-43CB-A1AE-FFEBEE76C1C0}
	EndGlobalSection
EndGlobal
